{
  "version": "3",
  "packages": {
    "specifiers": {
      "npm:@azure/arm-subscriptions": "npm:@azure/arm-subscriptions@5.1.0",
      "npm:@langchain/core": "npm:@langchain/core@0.2.10_zod@3.23.8",
      "npm:moment": "npm:moment@2.30.1",
      "npm:rxjs": "npm:rxjs@7.8.1"
    },
    "npm": {
      "@azure/abort-controller@1.1.0": {
        "integrity": "sha512-TrRLIoSQVzfAJX9H1JeFjzAoDGcoK1IYX1UImfceTZpsyYfWr09Ss1aHW1y5TrrR3iq6RZLBwJ3E24uwPhwahw==",
        "dependencies": {
          "tslib": "tslib@2.6.3"
        }
      },
      "@azure/abort-controller@2.1.2": {
        "integrity": "sha512-nBrLsEWm4J2u5LpAPjxADTlq3trDgVZZXHNKabeXZtpq3d3AbN/KGO82R87rdDz5/lYB024rtEf10/q0urNgsA==",
        "dependencies": {
          "tslib": "tslib@2.6.3"
        }
      },
      "@azure/arm-subscriptions@5.1.0": {
        "integrity": "sha512-6BeOF2eQWNLq22ch7xP9RxYnPjtGev54OUCGggKOWoOvmesK7jUZbIyLk8JeXDT21PEl7iyYnxw78gxJ7zBxQw==",
        "dependencies": {
          "@azure/abort-controller": "@azure/abort-controller@1.1.0",
          "@azure/core-auth": "@azure/core-auth@1.7.2",
          "@azure/core-client": "@azure/core-client@1.9.2",
          "@azure/core-lro": "@azure/core-lro@2.7.2",
          "@azure/core-paging": "@azure/core-paging@1.6.2",
          "@azure/core-rest-pipeline": "@azure/core-rest-pipeline@1.16.1",
          "tslib": "tslib@2.6.3"
        }
      },
      "@azure/core-auth@1.7.2": {
        "integrity": "sha512-Igm/S3fDYmnMq1uKS38Ae1/m37B3zigdlZw+kocwEhh5GjyKjPrXKO2J6rzpC1wAxrNil/jX9BJRqBshyjnF3g==",
        "dependencies": {
          "@azure/abort-controller": "@azure/abort-controller@2.1.2",
          "@azure/core-util": "@azure/core-util@1.9.0",
          "tslib": "tslib@2.6.3"
        }
      },
      "@azure/core-client@1.9.2": {
        "integrity": "sha512-kRdry/rav3fUKHl/aDLd/pDLcB+4pOFwPPTVEExuMyaI5r+JBbMWqRbCY1pn5BniDaU3lRxO9eaQ1AmSMehl/w==",
        "dependencies": {
          "@azure/abort-controller": "@azure/abort-controller@2.1.2",
          "@azure/core-auth": "@azure/core-auth@1.7.2",
          "@azure/core-rest-pipeline": "@azure/core-rest-pipeline@1.16.1",
          "@azure/core-tracing": "@azure/core-tracing@1.1.2",
          "@azure/core-util": "@azure/core-util@1.9.0",
          "@azure/logger": "@azure/logger@1.1.2",
          "tslib": "tslib@2.6.3"
        }
      },
      "@azure/core-lro@2.7.2": {
        "integrity": "sha512-0YIpccoX8m/k00O7mDDMdJpbr6mf1yWo2dfmxt5A8XVZVVMz2SSKaEbMCeJRvgQ0IaSlqhjT47p4hVIRRy90xw==",
        "dependencies": {
          "@azure/abort-controller": "@azure/abort-controller@2.1.2",
          "@azure/core-util": "@azure/core-util@1.9.0",
          "@azure/logger": "@azure/logger@1.1.2",
          "tslib": "tslib@2.6.3"
        }
      },
      "@azure/core-paging@1.6.2": {
        "integrity": "sha512-YKWi9YuCU04B55h25cnOYZHxXYtEvQEbKST5vqRga7hWY9ydd3FZHdeQF8pyh+acWZvppw13M/LMGx0LABUVMA==",
        "dependencies": {
          "tslib": "tslib@2.6.3"
        }
      },
      "@azure/core-rest-pipeline@1.16.1": {
        "integrity": "sha512-ExPSbgjwCoht6kB7B4MeZoBAxcQSIl29r/bPeazZJx50ej4JJCByimLOrZoIsurISNyJQQHf30b3JfqC3Hb88A==",
        "dependencies": {
          "@azure/abort-controller": "@azure/abort-controller@2.1.2",
          "@azure/core-auth": "@azure/core-auth@1.7.2",
          "@azure/core-tracing": "@azure/core-tracing@1.1.2",
          "@azure/core-util": "@azure/core-util@1.9.0",
          "@azure/logger": "@azure/logger@1.1.2",
          "http-proxy-agent": "http-proxy-agent@7.0.2",
          "https-proxy-agent": "https-proxy-agent@7.0.4",
          "tslib": "tslib@2.6.3"
        }
      },
      "@azure/core-tracing@1.1.2": {
        "integrity": "sha512-dawW9ifvWAWmUm9/h+/UQ2jrdvjCJ7VJEuCJ6XVNudzcOwm53BFZH4Q845vjfgoUAM8ZxokvVNxNxAITc502YA==",
        "dependencies": {
          "tslib": "tslib@2.6.3"
        }
      },
      "@azure/core-util@1.9.0": {
        "integrity": "sha512-AfalUQ1ZppaKuxPPMsFEUdX6GZPB3d9paR9d/TTL7Ow2De8cJaC7ibi7kWVlFAVPCYo31OcnGymc0R89DX8Oaw==",
        "dependencies": {
          "@azure/abort-controller": "@azure/abort-controller@2.1.2",
          "tslib": "tslib@2.6.3"
        }
      },
      "@azure/logger@1.1.2": {
        "integrity": "sha512-l170uE7bsKpIU6B/giRc9i4NI0Mj+tANMMMxf7Zi/5cKzEqPayP7+X1WPrG7e+91JgY8N+7K7nF2WOi7iVhXvg==",
        "dependencies": {
          "tslib": "tslib@2.6.3"
        }
      },
      "@langchain/core@0.2.10_zod@3.23.8": {
        "integrity": "sha512-M0WIaz7cdC5ilyfjAmxuJl88QP2i1EIPozjstkVNuOvA4gb16sfkhitQ2sGRDQwPsAL3+O1nLjAWYyrR9r1AIg==",
        "dependencies": {
          "ansi-styles": "ansi-styles@5.2.0",
          "camelcase": "camelcase@6.3.0",
          "decamelize": "decamelize@1.2.0",
          "js-tiktoken": "js-tiktoken@1.0.12",
          "langsmith": "langsmith@0.1.34_@langchain+core@0.2.10__zod@3.23.8_zod@3.23.8",
          "ml-distance": "ml-distance@4.0.1",
          "mustache": "mustache@4.2.0",
          "p-queue": "p-queue@6.6.2",
          "p-retry": "p-retry@4.6.2",
          "uuid": "uuid@9.0.1",
          "zod": "zod@3.23.8",
          "zod-to-json-schema": "zod-to-json-schema@3.23.1_zod@3.23.8"
        }
      },
      "@types/retry@0.12.0": {
        "integrity": "sha512-wWKOClTTiizcZhXnPY4wikVAwmdYHp8q6DmC+EJUzAMsycb7HB32Kh9RN4+0gExjmPmZSAQjgURXIGATPegAvA==",
        "dependencies": {}
      },
      "@types/uuid@9.0.8": {
        "integrity": "sha512-jg+97EGIcY9AGHJJRaaPVgetKDsrTgbRjQ5Msgjh/DQKEFl0DtyRr/VCOyD1T2R1MNeWPK/u7JoGhlDZnKBAfA==",
        "dependencies": {}
      },
      "agent-base@7.1.1": {
        "integrity": "sha512-H0TSyFNDMomMNJQBn8wFV5YC/2eJ+VXECwOadZJT554xP6cODZHPX3H9QMQECxvrgiSOP1pHjy1sMWQVYJOUOA==",
        "dependencies": {
          "debug": "debug@4.3.5"
        }
      },
      "ansi-styles@5.2.0": {
        "integrity": "sha512-Cxwpt2SfTzTtXcfOlzGEee8O+c+MmUgGrNiBcXnuWxuFJHe6a5Hz7qwhwe5OgaSYI0IJvkLqWX1ASG+cJOkEiA==",
        "dependencies": {}
      },
      "base64-js@1.5.1": {
        "integrity": "sha512-AKpaYlHn8t4SVbOHCy+b5+KKgvR4vrsD8vbvrbiQJps7fKDTkjkDry6ji0rUJjC0kzbNePLwzxq8iypo41qeWA==",
        "dependencies": {}
      },
      "binary-search@1.3.6": {
        "integrity": "sha512-nbE1WxOTTrUWIfsfZ4aHGYu5DOuNkbxGokjV6Z2kxfJK3uaAb8zNK1muzOeipoLHZjInT4Br88BHpzevc681xA==",
        "dependencies": {}
      },
      "camelcase@6.3.0": {
        "integrity": "sha512-Gmy6FhYlCY7uOElZUSbxo2UCDH8owEk996gkbrpsgGtrJLM3J7jGxl9Ic7Qwwj4ivOE5AWZWRMecDdF7hqGjFA==",
        "dependencies": {}
      },
      "commander@10.0.1": {
        "integrity": "sha512-y4Mg2tXshplEbSGzx7amzPwKKOCGuoSRP/CjEdwwk0FOGlUbq6lKuoyDZTNZkmxHdJtp54hdfY/JUrdL7Xfdug==",
        "dependencies": {}
      },
      "debug@4.3.5": {
        "integrity": "sha512-pt0bNEmneDIvdL1Xsd9oDQ/wrQRkXDT4AUWlNZNPKvW5x/jyO9VFXkJUP07vQ2upmw5PlaITaPKc31jK13V+jg==",
        "dependencies": {
          "ms": "ms@2.1.2"
        }
      },
      "decamelize@1.2.0": {
        "integrity": "sha512-z2S+W9X73hAUUki+N+9Za2lBlun89zigOyGrsax+KUQ6wKW4ZoWpEYBkGhQjwAjjDCkWxhY0VKEhk8wzY7F5cA==",
        "dependencies": {}
      },
      "eventemitter3@4.0.7": {
        "integrity": "sha512-8guHBZCwKnFhYdHr2ysuRWErTwhoN2X8XELRlrRwpmfeY2jjuUN4taQMsULKUVo1K4DvZl+0pgfyoysHxvmvEw==",
        "dependencies": {}
      },
      "http-proxy-agent@7.0.2": {
        "integrity": "sha512-T1gkAiYYDWYx3V5Bmyu7HcfcvL7mUrTWiM6yOfa3PIphViJ/gFPbvidQ+veqSOHci/PxBcDabeUNCzpOODJZig==",
        "dependencies": {
          "agent-base": "agent-base@7.1.1",
          "debug": "debug@4.3.5"
        }
      },
      "https-proxy-agent@7.0.4": {
        "integrity": "sha512-wlwpilI7YdjSkWaQ/7omYBMTliDcmCN8OLihO6I9B86g06lMyAoqgoDpV0XqoaPOKj+0DIdAvnsWfyAAhmimcg==",
        "dependencies": {
          "agent-base": "agent-base@7.1.1",
          "debug": "debug@4.3.5"
        }
      },
      "is-any-array@2.0.1": {
        "integrity": "sha512-UtilS7hLRu++wb/WBAw9bNuP1Eg04Ivn1vERJck8zJthEvXCBEBpGR/33u/xLKWEQf95803oalHrVDptcAvFdQ==",
        "dependencies": {}
      },
      "js-tiktoken@1.0.12": {
        "integrity": "sha512-L7wURW1fH9Qaext0VzaUDpFGVQgjkdE3Dgsy9/+yXyGEpBKnylTd0mU0bfbNkKDlXRb6TEsZkwuflu1B8uQbJQ==",
        "dependencies": {
          "base64-js": "base64-js@1.5.1"
        }
      },
      "langsmith@0.1.34_@langchain+core@0.2.10__zod@3.23.8_zod@3.23.8": {
        "integrity": "sha512-aMv2k8kEaovhTuZnK6/6DMCoM7Jurvm1AzdESn+yN+HramRxp3sK32jFRz3ogkXP6GjAjOIofcnNkzhHXSUXGA==",
        "dependencies": {
          "@langchain/core": "@langchain/core@0.2.10_zod@3.23.8",
          "@types/uuid": "@types/uuid@9.0.8",
          "commander": "commander@10.0.1",
          "lodash.set": "lodash.set@4.3.2",
          "p-queue": "p-queue@6.6.2",
          "p-retry": "p-retry@4.6.2",
          "uuid": "uuid@9.0.1"
        }
      },
      "lodash.set@4.3.2": {
        "integrity": "sha512-4hNPN5jlm/N/HLMCO43v8BXKq9Z7QdAGc/VGrRD61w8gN9g/6jF9A4L1pbUgBLCffi0w9VsXfTOij5x8iTyFvg==",
        "dependencies": {}
      },
      "ml-array-mean@1.1.6": {
        "integrity": "sha512-MIdf7Zc8HznwIisyiJGRH9tRigg3Yf4FldW8DxKxpCCv/g5CafTw0RRu51nojVEOXuCQC7DRVVu5c7XXO/5joQ==",
        "dependencies": {
          "ml-array-sum": "ml-array-sum@1.1.6"
        }
      },
      "ml-array-sum@1.1.6": {
        "integrity": "sha512-29mAh2GwH7ZmiRnup4UyibQZB9+ZLyMShvt4cH4eTK+cL2oEMIZFnSyB3SS8MlsTh6q/w/yh48KmqLxmovN4Dw==",
        "dependencies": {
          "is-any-array": "is-any-array@2.0.1"
        }
      },
      "ml-distance-euclidean@2.0.0": {
        "integrity": "sha512-yC9/2o8QF0A3m/0IXqCTXCzz2pNEzvmcE/9HFKOZGnTjatvBbsn4lWYJkxENkA4Ug2fnYl7PXQxnPi21sgMy/Q==",
        "dependencies": {}
      },
      "ml-distance@4.0.1": {
        "integrity": "sha512-feZ5ziXs01zhyFUUUeZV5hwc0f5JW0Sh0ckU1koZe/wdVkJdGxcP06KNQuF0WBTj8FttQUzcvQcpcrOp/XrlEw==",
        "dependencies": {
          "ml-array-mean": "ml-array-mean@1.1.6",
          "ml-distance-euclidean": "ml-distance-euclidean@2.0.0",
          "ml-tree-similarity": "ml-tree-similarity@1.0.0"
        }
      },
      "ml-tree-similarity@1.0.0": {
        "integrity": "sha512-XJUyYqjSuUQkNQHMscr6tcjldsOoAekxADTplt40QKfwW6nd++1wHWV9AArl0Zvw/TIHgNaZZNvr8QGvE8wLRg==",
        "dependencies": {
          "binary-search": "binary-search@1.3.6",
          "num-sort": "num-sort@2.1.0"
        }
      },
      "moment@2.30.1": {
        "integrity": "sha512-uEmtNhbDOrWPFS+hdjFCBfy9f2YoyzRpwcl+DqpC6taX21FzsTLQVbMV/W7PzNSX6x/bhC1zA3c2UQ5NzH6how==",
        "dependencies": {}
      },
      "ms@2.1.2": {
        "integrity": "sha512-sGkPx+VjMtmA6MX27oA4FBFELFCZZ4S4XqeGOXCv68tT+jb3vk/RyaKWP0PTKyWtmLSM0b+adUTEvbs1PEaH2w==",
        "dependencies": {}
      },
      "mustache@4.2.0": {
        "integrity": "sha512-71ippSywq5Yb7/tVYyGbkBggbU8H3u5Rz56fH60jGFgr8uHwxs+aSKeqmluIVzM0m0kB7xQjKS6qPfd0b2ZoqQ==",
        "dependencies": {}
      },
      "num-sort@2.1.0": {
        "integrity": "sha512-1MQz1Ed8z2yckoBeSfkQHHO9K1yDRxxtotKSJ9yvcTUUxSvfvzEq5GwBrjjHEpMlq/k5gvXdmJ1SbYxWtpNoVg==",
        "dependencies": {}
      },
      "p-finally@1.0.0": {
        "integrity": "sha512-LICb2p9CB7FS+0eR1oqWnHhp0FljGLZCWBE9aix0Uye9W8LTQPwMTYVGWQWIw9RdQiDg4+epXQODwIYJtSJaow==",
        "dependencies": {}
      },
      "p-queue@6.6.2": {
        "integrity": "sha512-RwFpb72c/BhQLEXIZ5K2e+AhgNVmIejGlTgiB9MzZ0e93GRvqZ7uSi0dvRF7/XIXDeNkra2fNHBxTyPDGySpjQ==",
        "dependencies": {
          "eventemitter3": "eventemitter3@4.0.7",
          "p-timeout": "p-timeout@3.2.0"
        }
      },
      "p-retry@4.6.2": {
        "integrity": "sha512-312Id396EbJdvRONlngUx0NydfrIQ5lsYu0znKVUzVvArzEIt08V1qhtyESbGVd1FGX7UKtiFp5uwKZdM8wIuQ==",
        "dependencies": {
          "@types/retry": "@types/retry@0.12.0",
          "retry": "retry@0.13.1"
        }
      },
      "p-timeout@3.2.0": {
        "integrity": "sha512-rhIwUycgwwKcP9yTOOFK/AKsAopjjCakVqLHePO3CC6Mir1Z99xT+R63jZxAT5lFZLa2inS5h+ZS2GvR99/FBg==",
        "dependencies": {
          "p-finally": "p-finally@1.0.0"
        }
      },
      "retry@0.13.1": {
        "integrity": "sha512-XQBQ3I8W1Cge0Seh+6gjj03LbmRFWuoszgK9ooCpwYIrhhoO80pfq4cUkU5DkknwfOfFteRwlZ56PYOGYyFWdg==",
        "dependencies": {}
      },
      "rxjs@7.8.1": {
        "integrity": "sha512-AA3TVj+0A2iuIoQkWEK/tqFjBq2j+6PO6Y0zJcvzLAFhEFIO3HL0vls9hWLncZbAAbK0mar7oZ4V079I/qPMxg==",
        "dependencies": {
          "tslib": "tslib@2.6.3"
        }
      },
      "tslib@2.6.3": {
        "integrity": "sha512-xNvxJEOUiWPGhUuUdQgAJPKOOJfGnIyKySOc09XkKsgdUV/3E2zvwZYdejjmRgPCgcym1juLH3226yA7sEFJKQ==",
        "dependencies": {}
      },
      "uuid@9.0.1": {
        "integrity": "sha512-b+1eJOlsR9K8HJpow9Ok3fiWOWSIcIzXodvv0rQjVoOVNpWMpxf1wZNpt4y9h10odCNrqnYp1OBzRktckBe3sA==",
        "dependencies": {}
      },
      "zod-to-json-schema@3.23.1_zod@3.23.8": {
        "integrity": "sha512-oT9INvydob1XV0v1d2IadrR74rLtDInLvDFfAa1CG0Pmg/vxATk7I2gSelfj271mbzeM4Da0uuDQE/Nkj3DWNw==",
        "dependencies": {
          "zod": "zod@3.23.8"
        }
      },
      "zod@3.23.8": {
        "integrity": "sha512-XBx9AXhXktjUqnepgTiE5flcKIYWi/rme0Eaj+5Y0lftuGBq+jyRu/md4WnuxqgP1ubdpNCsYEYPxrzVHD8d6g==",
        "dependencies": {}
      }
    }
  },
  "remote": {
    "https://esm.sh/preact@10.20.1/jsx-runtime": "0685dab9b7614e166950b5d5e969c90c9c441c3d2d051b5da8b0d9387b6db6b6",
    "https://esm.sh/stable/preact@10.20.1/denonext/jsx-runtime.js": "5875f10c83338dd21c3c30ed55c77f3c79a6f37e1ea1939e2e071cc52b9805f0",
    "https://esm.sh/stable/preact@10.20.1/denonext/preact.mjs": "eed417f1653718f3b8b4b5d1b61ad66967fc02ed2cf86f7589ce0c813c8ed0b6"
  }
}
