{
  "version": "3",
  "packages": {
    "specifiers": {
      "npm:@azure/arm-subscriptions": "npm:@azure/arm-subscriptions@5.1.0",
      "npm:moment": "npm:moment@2.30.1",
      "npm:rxjs": "npm:rxjs@7.8.1"
    },
    "npm": {
      "@azure/abort-controller@1.1.0": {
        "integrity": "sha512-TrRLIoSQVzfAJX9H1JeFjzAoDGcoK1IYX1UImfceTZpsyYfWr09Ss1aHW1y5TrrR3iq6RZLBwJ3E24uwPhwahw==",
        "dependencies": {
          "tslib": "tslib@2.6.3"
        }
      },
      "@azure/abort-controller@2.1.2": {
        "integrity": "sha512-nBrLsEWm4J2u5LpAPjxADTlq3trDgVZZXHNKabeXZtpq3d3AbN/KGO82R87rdDz5/lYB024rtEf10/q0urNgsA==",
        "dependencies": {
          "tslib": "tslib@2.6.3"
        }
      },
      "@azure/arm-subscriptions@5.1.0": {
        "integrity": "sha512-6BeOF2eQWNLq22ch7xP9RxYnPjtGev54OUCGggKOWoOvmesK7jUZbIyLk8JeXDT21PEl7iyYnxw78gxJ7zBxQw==",
        "dependencies": {
          "@azure/abort-controller": "@azure/abort-controller@1.1.0",
          "@azure/core-auth": "@azure/core-auth@1.7.2",
          "@azure/core-client": "@azure/core-client@1.9.2",
          "@azure/core-lro": "@azure/core-lro@2.7.2",
          "@azure/core-paging": "@azure/core-paging@1.6.2",
          "@azure/core-rest-pipeline": "@azure/core-rest-pipeline@1.16.1",
          "tslib": "tslib@2.6.3"
        }
      },
      "@azure/core-auth@1.7.2": {
        "integrity": "sha512-Igm/S3fDYmnMq1uKS38Ae1/m37B3zigdlZw+kocwEhh5GjyKjPrXKO2J6rzpC1wAxrNil/jX9BJRqBshyjnF3g==",
        "dependencies": {
          "@azure/abort-controller": "@azure/abort-controller@2.1.2",
          "@azure/core-util": "@azure/core-util@1.9.0",
          "tslib": "tslib@2.6.3"
        }
      },
      "@azure/core-client@1.9.2": {
        "integrity": "sha512-kRdry/rav3fUKHl/aDLd/pDLcB+4pOFwPPTVEExuMyaI5r+JBbMWqRbCY1pn5BniDaU3lRxO9eaQ1AmSMehl/w==",
        "dependencies": {
          "@azure/abort-controller": "@azure/abort-controller@2.1.2",
          "@azure/core-auth": "@azure/core-auth@1.7.2",
          "@azure/core-rest-pipeline": "@azure/core-rest-pipeline@1.16.1",
          "@azure/core-tracing": "@azure/core-tracing@1.1.2",
          "@azure/core-util": "@azure/core-util@1.9.0",
          "@azure/logger": "@azure/logger@1.1.2",
          "tslib": "tslib@2.6.3"
        }
      },
      "@azure/core-lro@2.7.2": {
        "integrity": "sha512-0YIpccoX8m/k00O7mDDMdJpbr6mf1yWo2dfmxt5A8XVZVVMz2SSKaEbMCeJRvgQ0IaSlqhjT47p4hVIRRy90xw==",
        "dependencies": {
          "@azure/abort-controller": "@azure/abort-controller@2.1.2",
          "@azure/core-util": "@azure/core-util@1.9.0",
          "@azure/logger": "@azure/logger@1.1.2",
          "tslib": "tslib@2.6.3"
        }
      },
      "@azure/core-paging@1.6.2": {
        "integrity": "sha512-YKWi9YuCU04B55h25cnOYZHxXYtEvQEbKST5vqRga7hWY9ydd3FZHdeQF8pyh+acWZvppw13M/LMGx0LABUVMA==",
        "dependencies": {
          "tslib": "tslib@2.6.3"
        }
      },
      "@azure/core-rest-pipeline@1.16.1": {
        "integrity": "sha512-ExPSbgjwCoht6kB7B4MeZoBAxcQSIl29r/bPeazZJx50ej4JJCByimLOrZoIsurISNyJQQHf30b3JfqC3Hb88A==",
        "dependencies": {
          "@azure/abort-controller": "@azure/abort-controller@2.1.2",
          "@azure/core-auth": "@azure/core-auth@1.7.2",
          "@azure/core-tracing": "@azure/core-tracing@1.1.2",
          "@azure/core-util": "@azure/core-util@1.9.0",
          "@azure/logger": "@azure/logger@1.1.2",
          "http-proxy-agent": "http-proxy-agent@7.0.2",
          "https-proxy-agent": "https-proxy-agent@7.0.4",
          "tslib": "tslib@2.6.3"
        }
      },
      "@azure/core-tracing@1.1.2": {
        "integrity": "sha512-dawW9ifvWAWmUm9/h+/UQ2jrdvjCJ7VJEuCJ6XVNudzcOwm53BFZH4Q845vjfgoUAM8ZxokvVNxNxAITc502YA==",
        "dependencies": {
          "tslib": "tslib@2.6.3"
        }
      },
      "@azure/core-util@1.9.0": {
        "integrity": "sha512-AfalUQ1ZppaKuxPPMsFEUdX6GZPB3d9paR9d/TTL7Ow2De8cJaC7ibi7kWVlFAVPCYo31OcnGymc0R89DX8Oaw==",
        "dependencies": {
          "@azure/abort-controller": "@azure/abort-controller@2.1.2",
          "tslib": "tslib@2.6.3"
        }
      },
      "@azure/logger@1.1.2": {
        "integrity": "sha512-l170uE7bsKpIU6B/giRc9i4NI0Mj+tANMMMxf7Zi/5cKzEqPayP7+X1WPrG7e+91JgY8N+7K7nF2WOi7iVhXvg==",
        "dependencies": {
          "tslib": "tslib@2.6.3"
        }
      },
      "agent-base@7.1.1": {
        "integrity": "sha512-H0TSyFNDMomMNJQBn8wFV5YC/2eJ+VXECwOadZJT554xP6cODZHPX3H9QMQECxvrgiSOP1pHjy1sMWQVYJOUOA==",
        "dependencies": {
          "debug": "debug@4.3.5"
        }
      },
      "debug@4.3.5": {
        "integrity": "sha512-pt0bNEmneDIvdL1Xsd9oDQ/wrQRkXDT4AUWlNZNPKvW5x/jyO9VFXkJUP07vQ2upmw5PlaITaPKc31jK13V+jg==",
        "dependencies": {
          "ms": "ms@2.1.2"
        }
      },
      "http-proxy-agent@7.0.2": {
        "integrity": "sha512-T1gkAiYYDWYx3V5Bmyu7HcfcvL7mUrTWiM6yOfa3PIphViJ/gFPbvidQ+veqSOHci/PxBcDabeUNCzpOODJZig==",
        "dependencies": {
          "agent-base": "agent-base@7.1.1",
          "debug": "debug@4.3.5"
        }
      },
      "https-proxy-agent@7.0.4": {
        "integrity": "sha512-wlwpilI7YdjSkWaQ/7omYBMTliDcmCN8OLihO6I9B86g06lMyAoqgoDpV0XqoaPOKj+0DIdAvnsWfyAAhmimcg==",
        "dependencies": {
          "agent-base": "agent-base@7.1.1",
          "debug": "debug@4.3.5"
        }
      },
      "moment@2.30.1": {
        "integrity": "sha512-uEmtNhbDOrWPFS+hdjFCBfy9f2YoyzRpwcl+DqpC6taX21FzsTLQVbMV/W7PzNSX6x/bhC1zA3c2UQ5NzH6how==",
        "dependencies": {}
      },
      "ms@2.1.2": {
        "integrity": "sha512-sGkPx+VjMtmA6MX27oA4FBFELFCZZ4S4XqeGOXCv68tT+jb3vk/RyaKWP0PTKyWtmLSM0b+adUTEvbs1PEaH2w==",
        "dependencies": {}
      },
      "rxjs@7.8.1": {
        "integrity": "sha512-AA3TVj+0A2iuIoQkWEK/tqFjBq2j+6PO6Y0zJcvzLAFhEFIO3HL0vls9hWLncZbAAbK0mar7oZ4V079I/qPMxg==",
        "dependencies": {
          "tslib": "tslib@2.6.3"
        }
      },
      "tslib@2.6.3": {
        "integrity": "sha512-xNvxJEOUiWPGhUuUdQgAJPKOOJfGnIyKySOc09XkKsgdUV/3E2zvwZYdejjmRgPCgcym1juLH3226yA7sEFJKQ==",
        "dependencies": {}
      }
    }
  },
  "remote": {
    "https://esm.sh/preact@10.20.1/jsx-runtime": "0685dab9b7614e166950b5d5e969c90c9c441c3d2d051b5da8b0d9387b6db6b6",
    "https://esm.sh/stable/preact@10.20.1/denonext/jsx-runtime.js": "5875f10c83338dd21c3c30ed55c77f3c79a6f37e1ea1939e2e071cc52b9805f0",
    "https://esm.sh/stable/preact@10.20.1/denonext/preact.mjs": "eed417f1653718f3b8b4b5d1b61ad66967fc02ed2cf86f7589ce0c813c8ed0b6"
  }
}
